// !$*UTF8*$!
{
	archiveVersion = 1;
	classes = {
	};
	objectVersion = 46;
	objects = {

/* Begin PBXBuildFile section */
		6F75107D1DF97F7400D4CECD /* Assets.xcassets in Resources */ = {isa = PBXBuildFile; fileRef = 6F7510751DF97F7400D4CECD /* Assets.xcassets */; };
		6F75107E1DF97F7400D4CECD /* GoogleService-Info.plist in Resources */ = {isa = PBXBuildFile; fileRef = 6F7510761DF97F7400D4CECD /* GoogleService-Info.plist */; };
		6F75107F1DF97F7400D4CECD /* Info.plist in Resources */ = {isa = PBXBuildFile; fileRef = 6F7510771DF97F7400D4CECD /* Info.plist */; };
		6F7510801DF97F7400D4CECD /* LaunchScreen.storyboard in Resources */ = {isa = PBXBuildFile; fileRef = 6F7510781DF97F7400D4CECD /* LaunchScreen.storyboard */; };
		6F7510811DF97F7400D4CECD /* Main.storyboard in Resources */ = {isa = PBXBuildFile; fileRef = 6F7510791DF97F7400D4CECD /* Main.storyboard */; };
		6F7510821DF97F7400D4CECD /* AppDelegate.swift in Sources */ = {isa = PBXBuildFile; fileRef = 6F75107B1DF97F7400D4CECD /* AppDelegate.swift */; };
		6F7510851DF9804200D4CECD /* AuthService.swift in Sources */ = {isa = PBXBuildFile; fileRef = 6F7510841DF9804200D4CECD /* AuthService.swift */; };
		6F7510871DF9830500D4CECD /* TabBarController.swift in Sources */ = {isa = PBXBuildFile; fileRef = 6F7510861DF9830500D4CECD /* TabBarController.swift */; };
		6F7510891DF9837D00D4CECD /* SignUpViewController.swift in Sources */ = {isa = PBXBuildFile; fileRef = 6F7510881DF9837D00D4CECD /* SignUpViewController.swift */; };
		6F75108B1DF9859500D4CECD /* LoginViewController.swift in Sources */ = {isa = PBXBuildFile; fileRef = 6F75108A1DF9859500D4CECD /* LoginViewController.swift */; };
		6F7510931DF987D900D4CECD /* AddPostViewController.swift in Sources */ = {isa = PBXBuildFile; fileRef = 6F75108C1DF987D900D4CECD /* AddPostViewController.swift */; };
		6F7510951DF987D900D4CECD /* FeedTableViewController.swift in Sources */ = {isa = PBXBuildFile; fileRef = 6F75108E1DF987D900D4CECD /* FeedTableViewController.swift */; };
		6F7510961DF987D900D4CECD /* UpdateUserInfoViewController.swift in Sources */ = {isa = PBXBuildFile; fileRef = 6F75108F1DF987D900D4CECD /* UpdateUserInfoViewController.swift */; };
		6F7510971DF987D900D4CECD /* UserProfileTableViewController.swift in Sources */ = {isa = PBXBuildFile; fileRef = 6F7510901DF987D900D4CECD /* UserProfileTableViewController.swift */; };
		6F7510981DF987D900D4CECD /* UsersTableViewCell.swift in Sources */ = {isa = PBXBuildFile; fileRef = 6F7510911DF987D900D4CECD /* UsersTableViewCell.swift */; };
		6F7510991DF987D900D4CECD /* UsersTableViewController.swift in Sources */ = {isa = PBXBuildFile; fileRef = 6F7510921DF987D900D4CECD /* UsersTableViewController.swift */; };
		6F75109C1DF9881800D4CECD /* User.swift in Sources */ = {isa = PBXBuildFile; fileRef = 6F75109A1DF9881800D4CECD /* User.swift */; };
		6F75109D1DF9881800D4CECD /* Post.swift in Sources */ = {isa = PBXBuildFile; fileRef = 6F75109B1DF9881800D4CECD /* Post.swift */; };
		6F9816531DFA957B007F7B4F /* FeedOneTableViewCell.swift in Sources */ = {isa = PBXBuildFile; fileRef = 6F9816521DFA957B007F7B4F /* FeedOneTableViewCell.swift */; };
		6F9816551DFA975D007F7B4F /* FeedTwoTableViewCell.swift in Sources */ = {isa = PBXBuildFile; fileRef = 6F9816541DFA975D007F7B4F /* FeedTwoTableViewCell.swift */; };
		EC0CF983CB8D5FDC335E8171 /* Pods_FirebaseSwift3.framework in Frameworks */ = {isa = PBXBuildFile; fileRef = 7BE6E1161DEAB1849A7D2C80 /* Pods_FirebaseSwift3.framework */; };
/* End PBXBuildFile section */

/* Begin PBXFileReference section */
		6F7510751DF97F7400D4CECD /* Assets.xcassets */ = {isa = PBXFileReference; lastKnownFileType = folder.assetcatalog; path = Assets.xcassets; sourceTree = "<group>"; };
		6F7510761DF97F7400D4CECD /* GoogleService-Info.plist */ = {isa = PBXFileReference; fileEncoding = 4; lastKnownFileType = text.plist.xml; path = "GoogleService-Info.plist"; sourceTree = "<group>"; };
		6F7510771DF97F7400D4CECD /* Info.plist */ = {isa = PBXFileReference; fileEncoding = 4; lastKnownFileType = text.plist.xml; path = Info.plist; sourceTree = "<group>"; };
		6F7510781DF97F7400D4CECD /* LaunchScreen.storyboard */ = {isa = PBXFileReference; fileEncoding = 4; lastKnownFileType = file.storyboard; path = LaunchScreen.storyboard; sourceTree = "<group>"; };
		6F7510791DF97F7400D4CECD /* Main.storyboard */ = {isa = PBXFileReference; fileEncoding = 4; lastKnownFileType = file.storyboard; path = Main.storyboard; sourceTree = "<group>"; };
		6F75107B1DF97F7400D4CECD /* AppDelegate.swift */ = {isa = PBXFileReference; fileEncoding = 4; lastKnownFileType = sourcecode.swift; path = AppDelegate.swift; sourceTree = "<group>"; };
		6F7510841DF9804200D4CECD /* AuthService.swift */ = {isa = PBXFileReference; fileEncoding = 4; lastKnownFileType = sourcecode.swift; path = AuthService.swift; sourceTree = "<group>"; };
		6F7510861DF9830500D4CECD /* TabBarController.swift */ = {isa = PBXFileReference; fileEncoding = 4; lastKnownFileType = sourcecode.swift; path = TabBarController.swift; sourceTree = "<group>"; };
		6F7510881DF9837D00D4CECD /* SignUpViewController.swift */ = {isa = PBXFileReference; fileEncoding = 4; lastKnownFileType = sourcecode.swift; path = SignUpViewController.swift; sourceTree = "<group>"; };
		6F75108A1DF9859500D4CECD /* LoginViewController.swift */ = {isa = PBXFileReference; fileEncoding = 4; lastKnownFileType = sourcecode.swift; path = LoginViewController.swift; sourceTree = "<group>"; };
		6F75108C1DF987D900D4CECD /* AddPostViewController.swift */ = {isa = PBXFileReference; fileEncoding = 4; lastKnownFileType = sourcecode.swift; path = AddPostViewController.swift; sourceTree = "<group>"; };
		6F75108E1DF987D900D4CECD /* FeedTableViewController.swift */ = {isa = PBXFileReference; fileEncoding = 4; lastKnownFileType = sourcecode.swift; path = FeedTableViewController.swift; sourceTree = "<group>"; };
		6F75108F1DF987D900D4CECD /* UpdateUserInfoViewController.swift */ = {isa = PBXFileReference; fileEncoding = 4; lastKnownFileType = sourcecode.swift; path = UpdateUserInfoViewController.swift; sourceTree = "<group>"; };
		6F7510901DF987D900D4CECD /* UserProfileTableViewController.swift */ = {isa = PBXFileReference; fileEncoding = 4; lastKnownFileType = sourcecode.swift; path = UserProfileTableViewController.swift; sourceTree = "<group>"; };
		6F7510911DF987D900D4CECD /* UsersTableViewCell.swift */ = {isa = PBXFileReference; fileEncoding = 4; lastKnownFileType = sourcecode.swift; path = UsersTableViewCell.swift; sourceTree = "<group>"; };
		6F7510921DF987D900D4CECD /* UsersTableViewController.swift */ = {isa = PBXFileReference; fileEncoding = 4; lastKnownFileType = sourcecode.swift; path = UsersTableViewController.swift; sourceTree = "<group>"; };
		6F75109A1DF9881800D4CECD /* User.swift */ = {isa = PBXFileReference; fileEncoding = 4; lastKnownFileType = sourcecode.swift; path = User.swift; sourceTree = "<group>"; };
		6F75109B1DF9881800D4CECD /* Post.swift */ = {isa = PBXFileReference; fileEncoding = 4; lastKnownFileType = sourcecode.swift; path = Post.swift; sourceTree = "<group>"; };
		6F9170B11DF9594800AC4807 /* FirebaseSwift3.app */ = {isa = PBXFileReference; explicitFileType = wrapper.application; includeInIndex = 0; path = FirebaseSwift3.app; sourceTree = BUILT_PRODUCTS_DIR; };
		6F9816521DFA957B007F7B4F /* FeedOneTableViewCell.swift */ = {isa = PBXFileReference; fileEncoding = 4; lastKnownFileType = sourcecode.swift; path = FeedOneTableViewCell.swift; sourceTree = "<group>"; };
		6F9816541DFA975D007F7B4F /* FeedTwoTableViewCell.swift */ = {isa = PBXFileReference; fileEncoding = 4; lastKnownFileType = sourcecode.swift; path = FeedTwoTableViewCell.swift; sourceTree = "<group>"; };
		6FF843791DFE579A002B2832 /* FirebaseSwift3.entitlements */ = {isa = PBXFileReference; lastKnownFileType = text.plist.entitlements; path = FirebaseSwift3.entitlements; sourceTree = "<group>"; };
		7BE6E1161DEAB1849A7D2C80 /* Pods_FirebaseSwift3.framework */ = {isa = PBXFileReference; explicitFileType = wrapper.framework; includeInIndex = 0; path = Pods_FirebaseSwift3.framework; sourceTree = BUILT_PRODUCTS_DIR; };
		8D1131A7F92E36FE93BA5705 /* Pods-FirebaseSwift3.debug.xcconfig */ = {isa = PBXFileReference; includeInIndex = 1; lastKnownFileType = text.xcconfig; name = "Pods-FirebaseSwift3.debug.xcconfig"; path = "Pods/Target Support Files/Pods-FirebaseSwift3/Pods-FirebaseSwift3.debug.xcconfig"; sourceTree = "<group>"; };
		C983F1345590DDF059A30F6B /* Pods-FirebaseSwift3.release.xcconfig */ = {isa = PBXFileReference; includeInIndex = 1; lastKnownFileType = text.xcconfig; name = "Pods-FirebaseSwift3.release.xcconfig"; path = "Pods/Target Support Files/Pods-FirebaseSwift3/Pods-FirebaseSwift3.release.xcconfig"; sourceTree = "<group>"; };
/* End PBXFileReference section */

/* Begin PBXFrameworksBuildPhase section */
		6F9170AE1DF9594800AC4807 /* Frameworks */ = {
			isa = PBXFrameworksBuildPhase;
			buildActionMask = 2147483647;
			files = (
				EC0CF983CB8D5FDC335E8171 /* Pods_FirebaseSwift3.framework in Frameworks */,
			);
			runOnlyForDeploymentPostprocessing = 0;
		};
/* End PBXFrameworksBuildPhase section */

/* Begin PBXGroup section */
		6F7510731DF97F7400D4CECD /* Models */ = {
			isa = PBXGroup;
			children = (
				6F7510841DF9804200D4CECD /* AuthService.swift */,
				6F75109A1DF9881800D4CECD /* User.swift */,
				6F75109B1DF9881800D4CECD /* Post.swift */,
			);
			path = Models;
			sourceTree = "<group>";
		};
		6F7510741DF97F7400D4CECD /* Supporting Files */ = {
			isa = PBXGroup;
			children = (
				6F7510751DF97F7400D4CECD /* Assets.xcassets */,
				6F7510761DF97F7400D4CECD /* GoogleService-Info.plist */,
				6F7510771DF97F7400D4CECD /* Info.plist */,
				6F7510781DF97F7400D4CECD /* LaunchScreen.storyboard */,
				6F7510791DF97F7400D4CECD /* Main.storyboard */,
			);
			path = "Supporting Files";
			sourceTree = "<group>";
		};
		6F75107A1DF97F7400D4CECD /* View Controllers */ = {
			isa = PBXGroup;
			children = (
				6F75107B1DF97F7400D4CECD /* AppDelegate.swift */,
				6F7510861DF9830500D4CECD /* TabBarController.swift */,
				6F75108A1DF9859500D4CECD /* LoginViewController.swift */,
				6F7510881DF9837D00D4CECD /* SignUpViewController.swift */,
				6F75108C1DF987D900D4CECD /* AddPostViewController.swift */,
				6F75108E1DF987D900D4CECD /* FeedTableViewController.swift */,
				6F9816521DFA957B007F7B4F /* FeedOneTableViewCell.swift */,
				6F9816541DFA975D007F7B4F /* FeedTwoTableViewCell.swift */,
				6F75108F1DF987D900D4CECD /* UpdateUserInfoViewController.swift */,
				6F7510901DF987D900D4CECD /* UserProfileTableViewController.swift */,
				6F7510911DF987D900D4CECD /* UsersTableViewCell.swift */,
				6F7510921DF987D900D4CECD /* UsersTableViewController.swift */,
			);
			path = "View Controllers";
			sourceTree = "<group>";
		};
		6F9170A81DF9594800AC4807 = {
			isa = PBXGroup;
			children = (
				6F9170B31DF9594800AC4807 /* FirebaseSwift3 */,
				6F9170B21DF9594800AC4807 /* Products */,
				9C7CFDB0E8A2CAC0933EC210 /* Pods */,
				A3A4C167874DDA8E0E0E45DD /* Frameworks */,
			);
			sourceTree = "<group>";
		};
		6F9170B21DF9594800AC4807 /* Products */ = {
			isa = PBXGroup;
			children = (
				6F9170B11DF9594800AC4807 /* FirebaseSwift3.app */,
			);
			name = Products;
			sourceTree = "<group>";
		};
		6F9170B31DF9594800AC4807 /* FirebaseSwift3 */ = {
			isa = PBXGroup;
			children = (
				6FF843791DFE579A002B2832 /* FirebaseSwift3.entitlements */,
				6F75107A1DF97F7400D4CECD /* View Controllers */,
				6F7510731DF97F7400D4CECD /* Models */,
				6F7510741DF97F7400D4CECD /* Supporting Files */,
			);
			path = FirebaseSwift3;
			sourceTree = "<group>";
		};
		9C7CFDB0E8A2CAC0933EC210 /* Pods */ = {
			isa = PBXGroup;
			children = (
				8D1131A7F92E36FE93BA5705 /* Pods-FirebaseSwift3.debug.xcconfig */,
				C983F1345590DDF059A30F6B /* Pods-FirebaseSwift3.release.xcconfig */,
			);
			name = Pods;
			sourceTree = "<group>";
		};
		A3A4C167874DDA8E0E0E45DD /* Frameworks */ = {
			isa = PBXGroup;
			children = (
				7BE6E1161DEAB1849A7D2C80 /* Pods_FirebaseSwift3.framework */,
			);
			name = Frameworks;
			sourceTree = "<group>";
		};
/* End PBXGroup section */

/* Begin PBXNativeTarget section */
		6F9170B01DF9594800AC4807 /* FirebaseSwift3 */ = {
			isa = PBXNativeTarget;
			buildConfigurationList = 6F9170C31DF9594800AC4807 /* Build configuration list for PBXNativeTarget "FirebaseSwift3" */;
			buildPhases = (
				D1F3C86EB247D659B344F5C4 /* [CP] Check Pods Manifest.lock */,
				6F9170AD1DF9594800AC4807 /* Sources */,
				6F9170AE1DF9594800AC4807 /* Frameworks */,
				6F9170AF1DF9594800AC4807 /* Resources */,
				C819C670CB6DDC4FEAE02310 /* [CP] Embed Pods Frameworks */,
				1A6DA57C207700BFE1CAC7A5 /* [CP] Copy Pods Resources */,
			);
			buildRules = (
			);
			dependencies = (
			);
			name = FirebaseSwift3;
			productName = FirebaseSwift3;
			productReference = 6F9170B11DF9594800AC4807 /* FirebaseSwift3.app */;
			productType = "com.apple.product-type.application";
		};
/* End PBXNativeTarget section */

/* Begin PBXProject section */
		6F9170A91DF9594800AC4807 /* Project object */ = {
			isa = PBXProject;
			attributes = {
				LastSwiftUpdateCheck = 0810;
				LastUpgradeCheck = 0810;
				ORGANIZATIONNAME = Kokpheng;
				TargetAttributes = {
					6F9170B01DF9594800AC4807 = {
						CreatedOnToolsVersion = 8.1;
						DevelopmentTeam = 8WB65T4HC4;
						ProvisioningStyle = Automatic;
						SystemCapabilities = {
							com.apple.Keychain = {
								enabled = 1;
							};
						};
					};
				};
			};
			buildConfigurationList = 6F9170AC1DF9594800AC4807 /* Build configuration list for PBXProject "FirebaseSwift3" */;
			compatibilityVersion = "Xcode 3.2";
			developmentRegion = English;
			hasScannedForEncodings = 0;
			knownRegions = (
				en,
				Base,
			);
			mainGroup = 6F9170A81DF9594800AC4807;
			productRefGroup = 6F9170B21DF9594800AC4807 /* Products */;
			projectDirPath = "";
			projectRoot = "";
			targets = (
				6F9170B01DF9594800AC4807 /* FirebaseSwift3 */,
			);
		};
/* End PBXProject section */

/* Begin PBXResourcesBuildPhase section */
		6F9170AF1DF9594800AC4807 /* Resources */ = {
			isa = PBXResourcesBuildPhase;
			buildActionMask = 2147483647;
			files = (
				6F75107D1DF97F7400D4CECD /* Assets.xcassets in Resources */,
				6F7510811DF97F7400D4CECD /* Main.storyboard in Resources */,
				6F7510801DF97F7400D4CECD /* LaunchScreen.storyboard in Resources */,
				6F75107E1DF97F7400D4CECD /* GoogleService-Info.plist in Resources */,
				6F75107F1DF97F7400D4CECD /* Info.plist in Resources */,
			);
			runOnlyForDeploymentPostprocessing = 0;
		};
/* End PBXResourcesBuildPhase section */

/* Begin PBXShellScriptBuildPhase section */
		1A6DA57C207700BFE1CAC7A5 /* [CP] Copy Pods Resources */ = {
			isa = PBXShellScriptBuildPhase;
			buildActionMask = 2147483647;
			files = (
			);
			inputPaths = (
			);
			name = "[CP] Copy Pods Resources";
			outputPaths = (
			);
			runOnlyForDeploymentPostprocessing = 0;
			shellPath = /bin/sh;
			shellScript = "\"${SRCROOT}/Pods/Target Support Files/Pods-FirebaseSwift3/Pods-FirebaseSwift3-resources.sh\"\n";
			showEnvVarsInLog = 0;
		};
		C819C670CB6DDC4FEAE02310 /* [CP] Embed Pods Frameworks */ = {
			isa = PBXShellScriptBuildPhase;
			buildActionMask = 2147483647;
			files = (
			);
			inputPaths = (
			);
			name = "[CP] Embed Pods Frameworks";
			outputPaths = (
			);
			runOnlyForDeploymentPostprocessing = 0;
			shellPath = /bin/sh;
			shellScript = "\"${SRCROOT}/Pods/Target Support Files/Pods-FirebaseSwift3/Pods-FirebaseSwift3-frameworks.sh\"\n";
			showEnvVarsInLog = 0;
		};
		D1F3C86EB247D659B344F5C4 /* [CP] Check Pods Manifest.lock */ = {
			isa = PBXShellScriptBuildPhase;
			buildActionMask = 2147483647;
			files = (
			);
			inputPaths = (
			);
			name = "[CP] Check Pods Manifest.lock";
			outputPaths = (
			);
			runOnlyForDeploymentPostprocessing = 0;
			shellPath = /bin/sh;
			shellScript = "diff \"${PODS_ROOT}/../Podfile.lock\" \"${PODS_ROOT}/Manifest.lock\" > /dev/null\nif [ $? != 0 ] ; then\n    # print error to STDERR\n    echo \"error: The sandbox is not in sync with the Podfile.lock. Run 'pod install' or update your CocoaPods installation.\" >&2\n    exit 1\nfi\n";
			showEnvVarsInLog = 0;
		};
/* End PBXShellScriptBuildPhase section */

/* Begin PBXSourcesBuildPhase section */
		6F9170AD1DF9594800AC4807 /* Sources */ = {
			isa = PBXSourcesBuildPhase;
			buildActionMask = 2147483647;
			files = (
				6F9816531DFA957B007F7B4F /* FeedOneTableViewCell.swift in Sources */,
				6F75109C1DF9881800D4CECD /* User.swift in Sources */,
				6F7510851DF9804200D4CECD /* AuthService.swift in Sources */,
				6F7510871DF9830500D4CECD /* TabBarController.swift in Sources */,
				6F7510991DF987D900D4CECD /* UsersTableViewController.swift in Sources */,
				6F9816551DFA975D007F7B4F /* FeedTwoTableViewCell.swift in Sources */,
				6F75109D1DF9881800D4CECD /* Post.swift in Sources */,
				6F7510951DF987D900D4CECD /* FeedTableViewController.swift in Sources */,
				6F7510961DF987D900D4CECD /* UpdateUserInfoViewController.swift in Sources */,
				6F7510821DF97F7400D4CECD /* AppDelegate.swift in Sources */,
				6F75108B1DF9859500D4CECD /* LoginViewController.swift in Sources */,
				6F7510931DF987D900D4CECD /* AddPostViewController.swift in Sources */,
				6F7510971DF987D900D4CECD /* UserProfileTableViewController.swift in Sources */,
				6F7510891DF9837D00D4CECD /* SignUpViewController.swift in Sources */,
				6F7510981DF987D900D4CECD /* UsersTableViewCell.swift in Sources */,
			);
			runOnlyForDeploymentPostprocessing = 0;
		};
/* End PBXSourcesBuildPhase section */

/* Begin XCBuildConfiguration section */
		6F9170C11DF9594800AC4807 /* Debug */ = {
			isa = XCBuildConfiguration;
			buildSettings = {
				ALWAYS_SEARCH_USER_PATHS = NO;
				CLANG_ANALYZER_NONNULL = YES;
				CLANG_CXX_LANGUAGE_STANDARD = "gnu++0x";
				CLANG_CXX_LIBRARY = "libc++";
				CLANG_ENABLE_MODULES = YES;
				CLANG_ENABLE_OBJC_ARC = YES;
				CLANG_WARN_BOOL_CONVERSION = YES;
				CLANG_WARN_CONSTANT_CONVERSION = YES;
				CLANG_WARN_DIRECT_OBJC_ISA_USAGE = YES_ERROR;
				CLANG_WARN_DOCUMENTATION_COMMENTS = YES;
				CLANG_WARN_EMPTY_BODY = YES;
				CLANG_WARN_ENUM_CONVERSION = YES;
				CLANG_WARN_INFINITE_RECURSION = YES;
				CLANG_WARN_INT_CONVERSION = YES;
				CLANG_WARN_OBJC_ROOT_CLASS = YES_ERROR;
				CLANG_WARN_SUSPICIOUS_MOVE = YES;
				CLANG_WARN_SUSPICIOUS_MOVES = YES;
				CLANG_WARN_UNREACHABLE_CODE = YES;
				CLANG_WARN__DUPLICATE_METHOD_MATCH = YES;
				"CODE_SIGN_IDENTITY[sdk=iphoneos*]" = "iPhone Developer";
				COPY_PHASE_STRIP = NO;
				DEBUG_INFORMATION_FORMAT = dwarf;
				ENABLE_STRICT_OBJC_MSGSEND = YES;
				ENABLE_TESTABILITY = YES;
				GCC_C_LANGUAGE_STANDARD = gnu99;
				GCC_DYNAMIC_NO_PIC = NO;
				GCC_NO_COMMON_BLOCKS = YES;
				GCC_OPTIMIZATION_LEVEL = 0;
				GCC_PREPROCESSOR_DEFINITIONS = (
					"DEBUG=1",
					"$(inherited)",
				);
				GCC_WARN_64_TO_32_BIT_CONVERSION = YES;
				GCC_WARN_ABOUT_RETURN_TYPE = YES_ERROR;
				GCC_WARN_UNDECLARED_SELECTOR = YES;
				GCC_WARN_UNINITIALIZED_AUTOS = YES_AGGRESSIVE;
				GCC_WARN_UNUSED_FUNCTION = YES;
				GCC_WARN_UNUSED_VARIABLE = YES;
				IPHONEOS_DEPLOYMENT_TARGET = 8.0;
				MTL_ENABLE_DEBUG_INFO = YES;
				ONLY_ACTIVE_ARCH = YES;
				SDKROOT = iphoneos;
				SWIFT_ACTIVE_COMPILATION_CONDITIONS = DEBUG;
				SWIFT_OPTIMIZATION_LEVEL = "-Onone";
				TARGETED_DEVICE_FAMILY = "1,2";
			};
			name = Debug;
		};
		6F9170C21DF9594800AC4807 /* Release */ = {
			isa = XCBuildConfiguration;
			buildSettings = {
				ALWAYS_SEARCH_USER_PATHS = NO;
				CLANG_ANALYZER_NONNULL = YES;
				CLANG_CXX_LANGUAGE_STANDARD = "gnu++0x";
				CLANG_CXX_LIBRARY = "libc++";
				CLANG_ENABLE_MODULES = YES;
				CLANG_ENABLE_OBJC_ARC = YES;
				CLANG_WARN_BOOL_CONVERSION = YES;
				CLANG_WARN_CONSTANT_CONVERSION = YES;
				CLANG_WARN_DIRECT_OBJC_ISA_USAGE = YES_ERROR;
				CLANG_WARN_DOCUMENTATION_COMMENTS = YES;
				CLANG_WARN_EMPTY_BODY = YES;
				CLANG_WARN_ENUM_CONVERSION = YES;
				CLANG_WARN_INFINITE_RECURSION = YES;
				CLANG_WARN_INT_CONVERSION = YES;
				CLANG_WARN_OBJC_ROOT_CLASS = YES_ERROR;
				CLANG_WARN_SUSPICIOUS_MOVE = YES;
				CLANG_WARN_SUSPICIOUS_MOVES = YES;
				CLANG_WARN_UNREACHABLE_CODE = YES;
				CLANG_WARN__DUPLICATE_METHOD_MATCH = YES;
				"CODE_SIGN_IDENTITY[sdk=iphoneos*]" = "iPhone Developer";
				COPY_PHASE_STRIP = NO;
				DEBUG_INFORMATION_FORMAT = "dwarf-with-dsym";
				ENABLE_NS_ASSERTIONS = NO;
				ENABLE_STRICT_OBJC_MSGSEND = YES;
				GCC_C_LANGUAGE_STANDARD = gnu99;
				GCC_NO_COMMON_BLOCKS = YES;
				GCC_WARN_64_TO_32_BIT_CONVERSION = YES;
				GCC_WARN_ABOUT_RETURN_TYPE = YES_ERROR;
				GCC_WARN_UNDECLARED_SELECTOR = YES;
				GCC_WARN_UNINITIALIZED_AUTOS = YES_AGGRESSIVE;
				GCC_WARN_UNUSED_FUNCTION = YES;
				GCC_WARN_UNUSED_VARIABLE = YES;
				IPHONEOS_DEPLOYMENT_TARGET = 8.0;
				MTL_ENABLE_DEBUG_INFO = NO;
				SDKROOT = iphoneos;
				SWIFT_OPTIMIZATION_LEVEL = "-Owholemodule";
				TARGETED_DEVICE_FAMILY = "1,2";
				VALIDATE_PRODUCT = YES;
			};
			name = Release;
		};
		6F9170C41DF9594800AC4807 /* Debug */ = {
			isa = XCBuildConfiguration;
			baseConfigurationReference = 8D1131A7F92E36FE93BA5705 /* Pods-FirebaseSwift3.debug.xcconfig */;
			buildSettings = {
				ASSETCATALOG_COMPILER_APPICON_NAME = AppIcon;
				CODE_SIGN_ENTITLEMENTS = FirebaseSwift3/FirebaseSwift3.entitlements;
				DEVELOPMENT_TEAM = 8WB65T4HC4;
				INFOPLIST_FILE = "FirebaseSwift3/Supporting Files/Info.plist";
				LD_RUNPATH_SEARCH_PATHS = "$(inherited) @executable_path/Frameworks";
				PRODUCT_BUNDLE_IDENTIFIER = org.kshrd.FirebaseSwift3;
				PRODUCT_NAME = "$(TARGET_NAME)";
				SWIFT_VERSION = 3.0;
			};
			name = Debug;
		};
		6F9170C51DF9594800AC4807 /* Release */ = {
			isa = XCBuildConfiguration;
			baseConfigurationReference = C983F1345590DDF059A30F6B /* Pods-FirebaseSwift3.release.xcconfig */;
			buildSettings = {
				ASSETCATALOG_COMPILER_APPICON_NAME = AppIcon;
				CODE_SIGN_ENTITLEMENTS = FirebaseSwift3/FirebaseSwift3.entitlements;
				"CODE_SIGN_IDENTITY[sdk=iphoneos*]" = "iPhone Distribution";
				DEVELOPMENT_TEAM = 8WB65T4HC4;
				INFOPLIST_FILE = "FirebaseSwift3/Supporting Files/Info.plist";
				LD_RUNPATH_SEARCH_PATHS = "$(inherited) @executable_path/Frameworks";
				PRODUCT_BUNDLE_IDENTIFIER = org.kshrd.FirebaseSwift3;
				PRODUCT_NAME = "$(TARGET_NAME)";
				SWIFT_VERSION = 3.0;
			};
			name = Release;
		};
/* End XCBuildConfiguration section */

/* Begin XCConfigurationList section */
		6F9170AC1DF9594800AC4807 /* Build configuration list for PBXProject "FirebaseSwift3" */ = {
			isa = XCConfigurationList;
			buildConfigurations = (
				6F9170C11DF9594800AC4807 /* Debug */,
				6F9170C21DF9594800AC4807 /* Release */,
			);
			defaultConfigurationIsVisible = 0;
			defaultConfigurationName = Release;
		};
		6F9170C31DF9594800AC4807 /* Build configuration list for PBXNativeTarget "FirebaseSwift3" */ = {
			isa = XCConfigurationList;
			buildConfigurations = (
				6F9170C41DF9594800AC4807 /* Debug */,
				6F9170C51DF9594800AC4807 /* Release */,
			);
			defaultConfigurationIsVisible = 0;
			defaultConfigurationName = Release;
		};
/* End XCConfigurationList section */
	};
	rootObject = 6F9170A91DF9594800AC4807 /* Project object */;
}
